
Microsoft Visual Studio Solution File, Format Version 12.00
# Visual Studio 15
VisualStudioVersion = 15.0.27130.2027
MinimumVisualStudioVersion = 10.0.40219.1
Project("{FAE04EC0-301F-11D3-BF4B-00C04F79EFBC}") = "Billing.Tests", "Billing.Tests\Billing.Tests.csproj", "{5E3C734D-FFAE-4C46-83A9-D203BEC2D20C}"
EndProject
Project("{FAE04EC0-301F-11D3-BF4B-00C04F79EFBC}") = "Billing", "Billing\Billing.csproj", "{30923411-007F-4A93-B438-593EBA2C23C8}"
EndProject
Global
	GlobalSection(SolutionConfigurationPlatforms) = preSolution
		Debug|Any CPU = Debug|Any CPU
		Release|Any CPU = Release|Any CPU
	EndGlobalSection
	GlobalSection(ProjectConfigurationPlatforms) = postSolution
		{5E3C734D-FFAE-4C46-83A9-D203BEC2D20C}.Debug|Any CPU.ActiveCfg = Debug|Any CPU
		{5E3C734D-FFAE-4C46-83A9-D203BEC2D20C}.Debug|Any CPU.Build.0 = Debug|Any CPU
		{5E3C734D-FFAE-4C46-83A9-D203BEC2D20C}.Release|Any CPU.ActiveCfg = Release|Any CPU
		{5E3C734D-FFAE-4C46-83A9-D203BEC2D20C}.Release|Any CPU.Build.0 = Release|Any CPU
		{30923411-007F-4A93-B438-593EBA2C23C8}.Debug|Any CPU.ActiveCfg = Debug|Any CPU
		{30923411-007F-4A93-B438-593EBA2C23C8}.Debug|Any CPU.Build.0 = Debug|Any CPU
		{30923411-007F-4A93-B438-593EBA2C23C8}.Release|Any CPU.ActiveCfg = Release|Any CPU
		{30923411-007F-4A93-B438-593EBA2C23C8}.Release|Any CPU.Build.0 = Release|Any CPU
	EndGlobalSection
	GlobalSection(SolutionProperties) = preSolution
		HideSolutionNode = FALSE
	EndGlobalSection
	GlobalSection(ExtensibilityGlobals) = postSolution
		SolutionGuid = {EE1EDFBB-4C67-48AB-8EDA-9D63B5A73F9F}
	EndGlobalSection
EndGlobal
